
<Solution>
  <Folder Name="/Core/">
    <Project Path="CloudNimble.ClaudeEssentials/CloudNimble.ClaudeEssentials.csproj" Id="abbdc437-185a-46b7-a885-dd069f412d8f" />
  </Folder>
  <Folder Name="/Docs/">
    <Project Path="CloudNimble.ClaudeEssentials.Docs/CloudNimble.ClaudeEssentials.Docs.docsproj" Type="C#" />
  </Folder>
  <Folder Name="/Samples/">
    <Project Path="CloudNimble.ClaudeEssentials.Samples.HookProcessor/CloudNimble.ClaudeEssentials.Samples.HookProcessor.csproj" />
  </Folder>
  <Folder Name="/Solution Items/">
    <File Path="../.gitignore" />
    <File Path="../LICENSE" />
    <File Path="../README.md" />
    <File Path="Directory.Build.props" />
    <File Path="global.json" />
  </Folder>
  <Folder Name="/Tests/">
    <Project Path="CloudNimble.ClaudeEssentials.Tests/CloudNimble.ClaudeEssentials.Tests.csproj" Id="f461365f-d014-4cb0-a17c-2888385b00c0" />
  </Folder>
</Solution>